
Microsoft Visual Studio Solution File, Format Version 12.00
# Visual Studio Version 17
VisualStudioVersion = 17.12.35521.163
MinimumVisualStudioVersion = 10.0.40219.1
Project("{FAE04EC0-301F-11D3-BF4B-00C04F79EFBC}") = "RegLog-wpf", "Login-wpf\RegLog-wpf.csproj", "{4A087B77-BD04-434F-8A50-6AC212441D1D}"
EndProject
Project("{FAE04EC0-301F-11D3-BF4B-00C04F79EFBC}") = "Others", "DataBindings\Others.csproj", "{386BC9E5-4FD9-43F8-8119-3E1E49E6A715}"
EndProject
Global
	GlobalSection(SolutionConfigurationPlatforms) = preSolution
		Debug|Any CPU = Debug|Any CPU
		Release|Any CPU = Release|Any CPU
	EndGlobalSection
	GlobalSection(ProjectConfigurationPlatforms) = postSolution
		{4A087B77-BD04-434F-8A50-6AC212441D1D}.Debug|Any CPU.ActiveCfg = Debug|Any CPU
		{4A087B77-BD04-434F-8A50-6AC212441D1D}.Debug|Any CPU.Build.0 = Debug|Any CPU
		{4A087B77-BD04-434F-8A50-6AC212441D1D}.Release|Any CPU.ActiveCfg = Release|Any CPU
		{4A087B77-BD04-434F-8A50-6AC212441D1D}.Release|Any CPU.Build.0 = Release|Any CPU
		{386BC9E5-4FD9-43F8-8119-3E1E49E6A715}.Debug|Any CPU.ActiveCfg = Debug|Any CPU
		{386BC9E5-4FD9-43F8-8119-3E1E49E6A715}.Debug|Any CPU.Build.0 = Debug|Any CPU
		{386BC9E5-4FD9-43F8-8119-3E1E49E6A715}.Release|Any CPU.ActiveCfg = Release|Any CPU
		{386BC9E5-4FD9-43F8-8119-3E1E49E6A715}.Release|Any CPU.Build.0 = Release|Any CPU
	EndGlobalSection
	GlobalSection(SolutionProperties) = preSolution
		HideSolutionNode = FALSE
	EndGlobalSection
EndGlobal
